
Microsoft Visual Studio Solution File, Format Version 12.00
# Visual Studio 14
VisualStudioVersion = 14.0.25420.1
MinimumVisualStudioVersion = 10.0.40219.1
Project("{FAE04EC0-301F-11D3-BF4B-00C04F79EFBC}") = "BlitzPhysics.Geometry.Elements", "BlitzPhysics.Geometry.Elements\BlitzPhysics.Geometry.Elements.csproj", "{A6E94ADD-4DAB-4E45-A1C5-3DD5FA0B5EE0}"
EndProject
Project("{FAE04EC0-301F-11D3-BF4B-00C04F79EFBC}") = "BlitzPhysics.Base", "BlitzPhysics.Base\BlitzPhysics.Base.csproj", "{2B33B990-24F2-4CCD-ACE1-ECF0B81BA629}"
EndProject
Project("{FAE04EC0-301F-11D3-BF4B-00C04F79EFBC}") = "BlitzPhysics.Geometry.Tools", "BlitzPhysics.Geometry.Tools\BlitzPhysics.Geometry.Tools.csproj", "{0254E982-F411-4E9F-9DCD-0458D67DF69E}"
EndProject
Project("{FAE04EC0-301F-11D3-BF4B-00C04F79EFBC}") = "BlitzPhysics.Geometry.Tools.Impl", "BlitzPhysics.Geometry.Tools.Impl\BlitzPhysics.Geometry.Tools.Impl.csproj", "{D13BF6CE-722E-4141-A8FE-D4A5FBA96047}"
EndProject
Project("{FAE04EC0-301F-11D3-BF4B-00C04F79EFBC}") = "BlitzPhysics.Geometry.Tools.Impl.Tests", "BlitzPhysics.Geometry.Tools.Impl.Tests\BlitzPhysics.Geometry.Tools.Impl.Tests.csproj", "{82A6AC10-EDEA-4580-A9A4-8CA577A8E3E5}"
EndProject
Project("{FAE04EC0-301F-11D3-BF4B-00C04F79EFBC}") = "BlitzPhysics.Physics.Tools", "BlitzPhysics.Physics.Tools\BlitzPhysics.Physics.Tools.csproj", "{060AD25F-B5B7-4E87-9423-3CF3CE8DA4DF}"
EndProject
Project("{FAE04EC0-301F-11D3-BF4B-00C04F79EFBC}") = "BlitzPhysics.Physics.Tools.Impl", "BlitzPhysics.Physics.Tools.Impl\BlitzPhysics.Physics.Tools.Impl.csproj", "{3641390C-2B27-483C-A69A-68EF51F627E6}"
EndProject
Project("{FAE04EC0-301F-11D3-BF4B-00C04F79EFBC}") = "BlitzPhysics.Physics.Simulation", "BlitzPhysics.Physics.Simulation\BlitzPhysics.Physics.Simulation.csproj", "{69869197-5B60-4DF1-8BB3-963B65B70C3D}"
EndProject
Project("{FAE04EC0-301F-11D3-BF4B-00C04F79EFBC}") = "BlitzPhysics.Physics.Simulation.Impl", "BlitzPhysics.Physics.Simulation.Impl\BlitzPhysics.Physics.Simulation.Impl.csproj", "{534B5A5E-DA67-4223-8E20-64B61F07226A}"
EndProject
Project("{FAE04EC0-301F-11D3-BF4B-00C04F79EFBC}") = "BlitzPhysics.Facade", "BlitzPhysics.Facade\BlitzPhysics.Facade.csproj", "{FE221322-A2BD-4BDF-9D91-79F37EC161CE}"
EndProject
Global
	GlobalSection(SolutionConfigurationPlatforms) = preSolution
		Debug|Any CPU = Debug|Any CPU
		Release|Any CPU = Release|Any CPU
	EndGlobalSection
	GlobalSection(ProjectConfigurationPlatforms) = postSolution
		{A6E94ADD-4DAB-4E45-A1C5-3DD5FA0B5EE0}.Debug|Any CPU.ActiveCfg = Debug|Any CPU
		{A6E94ADD-4DAB-4E45-A1C5-3DD5FA0B5EE0}.Debug|Any CPU.Build.0 = Debug|Any CPU
		{A6E94ADD-4DAB-4E45-A1C5-3DD5FA0B5EE0}.Release|Any CPU.ActiveCfg = Release|Any CPU
		{A6E94ADD-4DAB-4E45-A1C5-3DD5FA0B5EE0}.Release|Any CPU.Build.0 = Release|Any CPU
		{2B33B990-24F2-4CCD-ACE1-ECF0B81BA629}.Debug|Any CPU.ActiveCfg = Debug|Any CPU
		{2B33B990-24F2-4CCD-ACE1-ECF0B81BA629}.Debug|Any CPU.Build.0 = Debug|Any CPU
		{2B33B990-24F2-4CCD-ACE1-ECF0B81BA629}.Release|Any CPU.ActiveCfg = Release|Any CPU
		{2B33B990-24F2-4CCD-ACE1-ECF0B81BA629}.Release|Any CPU.Build.0 = Release|Any CPU
		{0254E982-F411-4E9F-9DCD-0458D67DF69E}.Debug|Any CPU.ActiveCfg = Debug|Any CPU
		{0254E982-F411-4E9F-9DCD-0458D67DF69E}.Debug|Any CPU.Build.0 = Debug|Any CPU
		{0254E982-F411-4E9F-9DCD-0458D67DF69E}.Release|Any CPU.ActiveCfg = Release|Any CPU
		{0254E982-F411-4E9F-9DCD-0458D67DF69E}.Release|Any CPU.Build.0 = Release|Any CPU
		{D13BF6CE-722E-4141-A8FE-D4A5FBA96047}.Debug|Any CPU.ActiveCfg = Debug|Any CPU
		{D13BF6CE-722E-4141-A8FE-D4A5FBA96047}.Debug|Any CPU.Build.0 = Debug|Any CPU
		{D13BF6CE-722E-4141-A8FE-D4A5FBA96047}.Release|Any CPU.ActiveCfg = Release|Any CPU
		{D13BF6CE-722E-4141-A8FE-D4A5FBA96047}.Release|Any CPU.Build.0 = Release|Any CPU
		{82A6AC10-EDEA-4580-A9A4-8CA577A8E3E5}.Debug|Any CPU.ActiveCfg = Debug|Any CPU
		{82A6AC10-EDEA-4580-A9A4-8CA577A8E3E5}.Debug|Any CPU.Build.0 = Debug|Any CPU
		{82A6AC10-EDEA-4580-A9A4-8CA577A8E3E5}.Release|Any CPU.ActiveCfg = Release|Any CPU
		{82A6AC10-EDEA-4580-A9A4-8CA577A8E3E5}.Release|Any CPU.Build.0 = Release|Any CPU
		{060AD25F-B5B7-4E87-9423-3CF3CE8DA4DF}.Debug|Any CPU.ActiveCfg = Debug|Any CPU
		{060AD25F-B5B7-4E87-9423-3CF3CE8DA4DF}.Debug|Any CPU.Build.0 = Debug|Any CPU
		{060AD25F-B5B7-4E87-9423-3CF3CE8DA4DF}.Release|Any CPU.ActiveCfg = Release|Any CPU
		{060AD25F-B5B7-4E87-9423-3CF3CE8DA4DF}.Release|Any CPU.Build.0 = Release|Any CPU
		{3641390C-2B27-483C-A69A-68EF51F627E6}.Debug|Any CPU.ActiveCfg = Debug|Any CPU
		{3641390C-2B27-483C-A69A-68EF51F627E6}.Debug|Any CPU.Build.0 = Debug|Any CPU
		{3641390C-2B27-483C-A69A-68EF51F627E6}.Release|Any CPU.ActiveCfg = Release|Any CPU
		{3641390C-2B27-483C-A69A-68EF51F627E6}.Release|Any CPU.Build.0 = Release|Any CPU
		{69869197-5B60-4DF1-8BB3-963B65B70C3D}.Debug|Any CPU.ActiveCfg = Debug|Any CPU
		{69869197-5B60-4DF1-8BB3-963B65B70C3D}.Debug|Any CPU.Build.0 = Debug|Any CPU
		{69869197-5B60-4DF1-8BB3-963B65B70C3D}.Release|Any CPU.ActiveCfg = Release|Any CPU
		{69869197-5B60-4DF1-8BB3-963B65B70C3D}.Release|Any CPU.Build.0 = Release|Any CPU
		{534B5A5E-DA67-4223-8E20-64B61F07226A}.Debug|Any CPU.ActiveCfg = Debug|Any CPU
		{534B5A5E-DA67-4223-8E20-64B61F07226A}.Debug|Any CPU.Build.0 = Debug|Any CPU
		{534B5A5E-DA67-4223-8E20-64B61F07226A}.Release|Any CPU.ActiveCfg = Release|Any CPU
		{534B5A5E-DA67-4223-8E20-64B61F07226A}.Release|Any CPU.Build.0 = Release|Any CPU
		{FE221322-A2BD-4BDF-9D91-79F37EC161CE}.Debug|Any CPU.ActiveCfg = Debug|Any CPU
		{FE221322-A2BD-4BDF-9D91-79F37EC161CE}.Debug|Any CPU.Build.0 = Debug|Any CPU
		{FE221322-A2BD-4BDF-9D91-79F37EC161CE}.Release|Any CPU.ActiveCfg = Release|Any CPU
		{FE221322-A2BD-4BDF-9D91-79F37EC161CE}.Release|Any CPU.Build.0 = Release|Any CPU
	EndGlobalSection
	GlobalSection(SolutionProperties) = preSolution
		HideSolutionNode = FALSE
	EndGlobalSection
EndGlobal
